
Microsoft Visual Studio Solution File, Format Version 12.00
# Visual Studio Version 16
VisualStudioVersion = 16.0.28803.352
MinimumVisualStudioVersion = 10.0.40219.1
Project("{FAE04EC0-301F-11D3-BF4B-00C04F79EFBC}") = "TDD_DueDate", "TDD_DueDate\TDD_DueDate.csproj", "{25260783-A50C-4712-BD16-02B9E9B37409}"
EndProject
Global
	GlobalSection(SolutionConfigurationPlatforms) = preSolution
		Debug|Any CPU = Debug|Any CPU
		Release|Any CPU = Release|Any CPU
	EndGlobalSection
	GlobalSection(ProjectConfigurationPlatforms) = postSolution
		{25260783-A50C-4712-BD16-02B9E9B37409}.Debug|Any CPU.ActiveCfg = Debug|Any CPU
		{25260783-A50C-4712-BD16-02B9E9B37409}.Debug|Any CPU.Build.0 = Debug|Any CPU
		{25260783-A50C-4712-BD16-02B9E9B37409}.Release|Any CPU.ActiveCfg = Release|Any CPU
		{25260783-A50C-4712-BD16-02B9E9B37409}.Release|Any CPU.Build.0 = Release|Any CPU
	EndGlobalSection
	GlobalSection(SolutionProperties) = preSolution
		HideSolutionNode = FALSE
	EndGlobalSection
	GlobalSection(ExtensibilityGlobals) = postSolution
		SolutionGuid = {FF0D3D86-1831-4D92-A34F-EBEE9277A469}
	EndGlobalSection
EndGlobal
